
Microsoft Visual Studio Solution File, Format Version 12.00
# Visual Studio 2013
Project("{FAE04EC0-301F-11D3-BF4B-00C04F79EFBC}") = "HeroSlairCient.CSharp", "HeroSlairCient.CSharp.csproj", "{180EA8F3-43D7-0C3E-CA3E-CC7D465367DA}"
EndProject
Global
	GlobalSection(SolutionConfigurationPlatforms) = preSolution
		Debug|Any CPU = Debug|Any CPU
		Release|Any CPU = Release|Any CPU
	EndGlobalSection
	GlobalSection(ProjectConfigurationPlatforms) = postSolution
		{180EA8F3-43D7-0C3E-CA3E-CC7D465367DA}.Debug|Any CPU.ActiveCfg = Debug|Any CPU
		{180EA8F3-43D7-0C3E-CA3E-CC7D465367DA}.Debug|Any CPU.Build.0 = Debug|Any CPU
		{180EA8F3-43D7-0C3E-CA3E-CC7D465367DA}.Release|Any CPU.ActiveCfg = Release|Any CPU
		{180EA8F3-43D7-0C3E-CA3E-CC7D465367DA}.Release|Any CPU.Build.0 = Release|Any CPU
	EndGlobalSection
	GlobalSection(SolutionProperties) = preSolution
		HideSolutionNode = FALSE
	EndGlobalSection
EndGlobal
